{
  "name": "themes",
  "lockfileVersion": 3,
  "requires": true,
  "packages": {
    "": {
      "dependencies": {
        "@vivliostyle/theme-bunko": "^0.5.1"
      }
    },
    "node_modules/@vivliostyle/theme-bunko": {
      "version": "0.5.1",
      "resolved": "https://registry.npmjs.org/@vivliostyle/theme-bunko/-/theme-bunko-0.5.1.tgz",
      "integrity": "sha512-a3x830YStxgUWMGJAOuJjFyYd84Sm0tSaaUDRHPny1qGv2mj7op+/SwRI1xnuEe7nmAz1J0jqgRgLqN08ZBTug=="
    }
  }
}
